// !$*UTF8*$!
{
	archiveVersion = 1;
	classes = {
	};
	objectVersion = 51;
	objects = {

/* Begin PBXBuildFile section */
		23A6486A266BCFB400DAA014 /* FeedListModel.swift in Sources */ = {isa = PBXBuildFile; fileRef = 23A64869266BCFB400DAA014 /* FeedListModel.swift */; };
		23A6486C266BCFEF00DAA014 /* FeedListTableViewCell.swift in Sources */ = {isa = PBXBuildFile; fileRef = 23A6486B266BCFEF00DAA014 /* FeedListTableViewCell.swift */; };
		23A64871266BDBB600DAA014 /* FeedPostsTableViewCell.swift in Sources */ = {isa = PBXBuildFile; fileRef = 23A64870266BDBB500DAA014 /* FeedPostsTableViewCell.swift */; };
		23A64873266BDBC500DAA014 /* FeedPostsViewController.swift in Sources */ = {isa = PBXBuildFile; fileRef = 23A64872266BDBC500DAA014 /* FeedPostsViewController.swift */; };
		23A64875266C1BE600DAA014 /* AddNewFeedViewController.swift in Sources */ = {isa = PBXBuildFile; fileRef = 23A64874266C1BE600DAA014 /* AddNewFeedViewController.swift */; };
		23A64878266E2FF400DAA014 /* FeedList.xcdatamodeld in Sources */ = {isa = PBXBuildFile; fileRef = 23A64876266E2FF400DAA014 /* FeedList.xcdatamodeld */; };
		23C29441266BCDDE00C07393 /* AppDelegate.swift in Sources */ = {isa = PBXBuildFile; fileRef = 23C29440266BCDDE00C07393 /* AppDelegate.swift */; };
		23C29443266BCDDE00C07393 /* SceneDelegate.swift in Sources */ = {isa = PBXBuildFile; fileRef = 23C29442266BCDDE00C07393 /* SceneDelegate.swift */; };
		23C29445266BCDDE00C07393 /* FeedListViewController.swift in Sources */ = {isa = PBXBuildFile; fileRef = 23C29444266BCDDE00C07393 /* FeedListViewController.swift */; };
		23C29448266BCDDE00C07393 /* Main.storyboard in Resources */ = {isa = PBXBuildFile; fileRef = 23C29446266BCDDE00C07393 /* Main.storyboard */; };
		23C2944A266BCDE100C07393 /* Assets.xcassets in Resources */ = {isa = PBXBuildFile; fileRef = 23C29449266BCDE100C07393 /* Assets.xcassets */; };
		23C2944D266BCDE100C07393 /* LaunchScreen.storyboard in Resources */ = {isa = PBXBuildFile; fileRef = 23C2944B266BCDE100C07393 /* LaunchScreen.storyboard */; };
		97AA6FA3778BB385B1EF736D /* Pods_RSS_Feed.framework in Frameworks */ = {isa = PBXBuildFile; fileRef = 7D81A92C8990748841B87ACB /* Pods_RSS_Feed.framework */; };
/* End PBXBuildFile section */

/* Begin PBXFileReference section */
		008A4D1153D162671AAAB589 /* Pods-RSS Feed.release.xcconfig */ = {isa = PBXFileReference; includeInIndex = 1; lastKnownFileType = text.xcconfig; name = "Pods-RSS Feed.release.xcconfig"; path = "Target Support Files/Pods-RSS Feed/Pods-RSS Feed.release.xcconfig"; sourceTree = "<group>"; };
		0747FEB6841D94A1228B22DB /* Pods-RSS Feed.debug.xcconfig */ = {isa = PBXFileReference; includeInIndex = 1; lastKnownFileType = text.xcconfig; name = "Pods-RSS Feed.debug.xcconfig"; path = "Target Support Files/Pods-RSS Feed/Pods-RSS Feed.debug.xcconfig"; sourceTree = "<group>"; };
		23A64869266BCFB400DAA014 /* FeedListModel.swift */ = {isa = PBXFileReference; lastKnownFileType = sourcecode.swift; path = FeedListModel.swift; sourceTree = "<group>"; };
		23A6486B266BCFEF00DAA014 /* FeedListTableViewCell.swift */ = {isa = PBXFileReference; lastKnownFileType = sourcecode.swift; path = FeedListTableViewCell.swift; sourceTree = "<group>"; };
		23A64870266BDBB500DAA014 /* FeedPostsTableViewCell.swift */ = {isa = PBXFileReference; lastKnownFileType = sourcecode.swift; path = FeedPostsTableViewCell.swift; sourceTree = "<group>"; };
		23A64872266BDBC500DAA014 /* FeedPostsViewController.swift */ = {isa = PBXFileReference; lastKnownFileType = sourcecode.swift; path = FeedPostsViewController.swift; sourceTree = "<group>"; };
		23A64874266C1BE600DAA014 /* AddNewFeedViewController.swift */ = {isa = PBXFileReference; lastKnownFileType = sourcecode.swift; path = AddNewFeedViewController.swift; sourceTree = "<group>"; };
		23A64877266E2FF400DAA014 /* FeedList.xcdatamodel */ = {isa = PBXFileReference; lastKnownFileType = wrapper.xcdatamodel; path = FeedList.xcdatamodel; sourceTree = "<group>"; };
		23C2943D266BCDDE00C07393 /* RSS Feed.app */ = {isa = PBXFileReference; explicitFileType = wrapper.application; includeInIndex = 0; path = "RSS Feed.app"; sourceTree = BUILT_PRODUCTS_DIR; };
		23C29440266BCDDE00C07393 /* AppDelegate.swift */ = {isa = PBXFileReference; lastKnownFileType = sourcecode.swift; path = AppDelegate.swift; sourceTree = "<group>"; };
		23C29442266BCDDE00C07393 /* SceneDelegate.swift */ = {isa = PBXFileReference; lastKnownFileType = sourcecode.swift; path = SceneDelegate.swift; sourceTree = "<group>"; };
		23C29444266BCDDE00C07393 /* FeedListViewController.swift */ = {isa = PBXFileReference; lastKnownFileType = sourcecode.swift; path = FeedListViewController.swift; sourceTree = "<group>"; };
		23C29447266BCDDE00C07393 /* Base */ = {isa = PBXFileReference; lastKnownFileType = file.storyboard; name = Base; path = Base.lproj/Main.storyboard; sourceTree = "<group>"; };
		23C29449266BCDE100C07393 /* Assets.xcassets */ = {isa = PBXFileReference; lastKnownFileType = folder.assetcatalog; path = Assets.xcassets; sourceTree = "<group>"; };
		23C2944C266BCDE100C07393 /* Base */ = {isa = PBXFileReference; lastKnownFileType = file.storyboard; name = Base; path = Base.lproj/LaunchScreen.storyboard; sourceTree = "<group>"; };
		23C2944E266BCDE100C07393 /* Info.plist */ = {isa = PBXFileReference; lastKnownFileType = text.plist.xml; path = Info.plist; sourceTree = "<group>"; };
		7D81A92C8990748841B87ACB /* Pods_RSS_Feed.framework */ = {isa = PBXFileReference; explicitFileType = wrapper.framework; includeInIndex = 0; path = Pods_RSS_Feed.framework; sourceTree = BUILT_PRODUCTS_DIR; };
/* End PBXFileReference section */

/* Begin PBXFrameworksBuildPhase section */
		23C2943A266BCDDE00C07393 /* Frameworks */ = {
			isa = PBXFrameworksBuildPhase;
			buildActionMask = 2147483647;
			files = (
				97AA6FA3778BB385B1EF736D /* Pods_RSS_Feed.framework in Frameworks */,
			);
			runOnlyForDeploymentPostprocessing = 0;
		};
/* End PBXFrameworksBuildPhase section */

/* Begin PBXGroup section */
		23A6486D266BD03600DAA014 /* Model */ = {
			isa = PBXGroup;
			children = (
				23A64869266BCFB400DAA014 /* FeedListModel.swift */,
			);
			path = Model;
			sourceTree = "<group>";
		};
		23A6486E266BD03C00DAA014 /* View Controllers */ = {
			isa = PBXGroup;
			children = (
				23A64874266C1BE600DAA014 /* AddNewFeedViewController.swift */,
				23C29444266BCDDE00C07393 /* FeedListViewController.swift */,
				23A64872266BDBC500DAA014 /* FeedPostsViewController.swift */,
			);
			path = "View Controllers";
			sourceTree = "<group>";
		};
		23A6486F266BD04B00DAA014 /* Views */ = {
			isa = PBXGroup;
			children = (
				23A6486B266BCFEF00DAA014 /* FeedListTableViewCell.swift */,
				23A64870266BDBB500DAA014 /* FeedPostsTableViewCell.swift */,
			);
			path = Views;
			sourceTree = "<group>";
		};
		23C29434266BCDDD00C07393 = {
			isa = PBXGroup;
			children = (
				23C2943F266BCDDE00C07393 /* RSS Feed */,
				23C2943E266BCDDE00C07393 /* Products */,
				D78273BC6ADDE91DDC6F9598 /* Pods */,
				B7336A2F5A507FA179AC1460 /* Frameworks */,
			);
			sourceTree = "<group>";
		};
		23C2943E266BCDDE00C07393 /* Products */ = {
			isa = PBXGroup;
			children = (
				23C2943D266BCDDE00C07393 /* RSS Feed.app */,
			);
			name = Products;
			sourceTree = "<group>";
		};
		23C2943F266BCDDE00C07393 /* RSS Feed */ = {
			isa = PBXGroup;
			children = (
				23C29440266BCDDE00C07393 /* AppDelegate.swift */,
				23C29442266BCDDE00C07393 /* SceneDelegate.swift */,
				23A6486D266BD03600DAA014 /* Model */,
				23A6486F266BD04B00DAA014 /* Views */,
				23A6486E266BD03C00DAA014 /* View Controllers */,
				23C29446266BCDDE00C07393 /* Main.storyboard */,
				23C29449266BCDE100C07393 /* Assets.xcassets */,
				23C2944B266BCDE100C07393 /* LaunchScreen.storyboard */,
				23A64876266E2FF400DAA014 /* FeedList.xcdatamodeld */,
				23C2944E266BCDE100C07393 /* Info.plist */,
			);
			path = "RSS Feed";
			sourceTree = "<group>";
		};
		B7336A2F5A507FA179AC1460 /* Frameworks */ = {
			isa = PBXGroup;
			children = (
				7D81A92C8990748841B87ACB /* Pods_RSS_Feed.framework */,
			);
			name = Frameworks;
			sourceTree = "<group>";
		};
		D78273BC6ADDE91DDC6F9598 /* Pods */ = {
			isa = PBXGroup;
			children = (
				0747FEB6841D94A1228B22DB /* Pods-RSS Feed.debug.xcconfig */,
				008A4D1153D162671AAAB589 /* Pods-RSS Feed.release.xcconfig */,
			);
			path = Pods;
			sourceTree = "<group>";
		};
/* End PBXGroup section */

/* Begin PBXNativeTarget section */
		23C2943C266BCDDE00C07393 /* RSS Feed */ = {
			isa = PBXNativeTarget;
			buildConfigurationList = 23C29451266BCDE100C07393 /* Build configuration list for PBXNativeTarget "RSS Feed" */;
			buildPhases = (
				59F2E1185BCA38C38A208334 /* [CP] Check Pods Manifest.lock */,
				23C29439266BCDDE00C07393 /* Sources */,
				23C2943A266BCDDE00C07393 /* Frameworks */,
				23C2943B266BCDDE00C07393 /* Resources */,
				6F1A324509573FDAD9040A4B /* [CP] Embed Pods Frameworks */,
			);
			buildRules = (
			);
			dependencies = (
			);
			name = "RSS Feed";
			productName = "RSS Feed";
			productReference = 23C2943D266BCDDE00C07393 /* RSS Feed.app */;
			productType = "com.apple.product-type.application";
		};
/* End PBXNativeTarget section */

/* Begin PBXProject section */
		23C29435266BCDDD00C07393 /* Project object */ = {
			isa = PBXProject;
			attributes = {
				LastSwiftUpdateCheck = 1250;
				LastUpgradeCheck = 1250;
				TargetAttributes = {
					23C2943C266BCDDE00C07393 = {
						CreatedOnToolsVersion = 12.5;
					};
				};
			};
			buildConfigurationList = 23C29438266BCDDD00C07393 /* Build configuration list for PBXProject "RSS Feed" */;
			compatibilityVersion = "Xcode 9.3";
			developmentRegion = en;
			hasScannedForEncodings = 0;
			knownRegions = (
				en,
				Base,
			);
			mainGroup = 23C29434266BCDDD00C07393;
			productRefGroup = 23C2943E266BCDDE00C07393 /* Products */;
			projectDirPath = "";
			projectRoot = "";
			targets = (
				23C2943C266BCDDE00C07393 /* RSS Feed */,
			);
		};
/* End PBXProject section */

/* Begin PBXResourcesBuildPhase section */
		23C2943B266BCDDE00C07393 /* Resources */ = {
			isa = PBXResourcesBuildPhase;
			buildActionMask = 2147483647;
			files = (
				23C2944D266BCDE100C07393 /* LaunchScreen.storyboard in Resources */,
				23C2944A266BCDE100C07393 /* Assets.xcassets in Resources */,
				23C29448266BCDDE00C07393 /* Main.storyboard in Resources */,
			);
			runOnlyForDeploymentPostprocessing = 0;
		};
/* End PBXResourcesBuildPhase section */

/* Begin PBXShellScriptBuildPhase section */
		59F2E1185BCA38C38A208334 /* [CP] Check Pods Manifest.lock */ = {
			isa = PBXShellScriptBuildPhase;
			buildActionMask = 2147483647;
			files = (
			);
			inputFileListPaths = (
			);
			inputPaths = (
				"${PODS_PODFILE_DIR_PATH}/Podfile.lock",
				"${PODS_ROOT}/Manifest.lock",
			);
			name = "[CP] Check Pods Manifest.lock";
			outputFileListPaths = (
			);
			outputPaths = (
				"$(DERIVED_FILE_DIR)/Pods-RSS Feed-checkManifestLockResult.txt",
			);
			runOnlyForDeploymentPostprocessing = 0;
			shellPath = /bin/sh;
			shellScript = "diff \"${PODS_PODFILE_DIR_PATH}/Podfile.lock\" \"${PODS_ROOT}/Manifest.lock\" > /dev/null\nif [ $? != 0 ] ; then\n    # print error to STDERR\n    echo \"error: The sandbox is not in sync with the Podfile.lock. Run 'pod install' or update your CocoaPods installation.\" >&2\n    exit 1\nfi\n# This output is used by Xcode 'outputs' to avoid re-running this script phase.\necho \"SUCCESS\" > \"${SCRIPT_OUTPUT_FILE_0}\"\n";
			showEnvVarsInLog = 0;
		};
		6F1A324509573FDAD9040A4B /* [CP] Embed Pods Frameworks */ = {
			isa = PBXShellScriptBuildPhase;
			buildActionMask = 2147483647;
			files = (
			);
			inputFileListPaths = (
				"${PODS_ROOT}/Target Support Files/Pods-RSS Feed/Pods-RSS Feed-frameworks-${CONFIGURATION}-input-files.xcfilelist",
			);
			name = "[CP] Embed Pods Frameworks";
			outputFileListPaths = (
				"${PODS_ROOT}/Target Support Files/Pods-RSS Feed/Pods-RSS Feed-frameworks-${CONFIGURATION}-output-files.xcfilelist",
			);
			runOnlyForDeploymentPostprocessing = 0;
			shellPath = /bin/sh;
			shellScript = "\"${PODS_ROOT}/Target Support Files/Pods-RSS Feed/Pods-RSS Feed-frameworks.sh\"\n";
			showEnvVarsInLog = 0;
		};
/* End PBXShellScriptBuildPhase section */

/* Begin PBXSourcesBuildPhase section */
		23C29439266BCDDE00C07393 /* Sources */ = {
			isa = PBXSourcesBuildPhase;
			buildActionMask = 2147483647;
			files = (
				23A64878266E2FF400DAA014 /* FeedList.xcdatamodeld in Sources */,
				23C29445266BCDDE00C07393 /* FeedListViewController.swift in Sources */,
				23A64871266BDBB600DAA014 /* FeedPostsTableViewCell.swift in Sources */,
				23A6486C266BCFEF00DAA014 /* FeedListTableViewCell.swift in Sources */,
				23C29441266BCDDE00C07393 /* AppDelegate.swift in Sources */,
				23C29443266BCDDE00C07393 /* SceneDelegate.swift in Sources */,
				23A6486A266BCFB400DAA014 /* FeedListModel.swift in Sources */,
				23A64873266BDBC500DAA014 /* FeedPostsViewController.swift in Sources */,
				23A64875266C1BE600DAA014 /* AddNewFeedViewController.swift in Sources */,
			);
			runOnlyForDeploymentPostprocessing = 0;
		};
/* End PBXSourcesBuildPhase section */

/* Begin PBXVariantGroup section */
		23C29446266BCDDE00C07393 /* Main.storyboard */ = {
			isa = PBXVariantGroup;
			children = (
				23C29447266BCDDE00C07393 /* Base */,
			);
			name = Main.storyboard;
			sourceTree = "<group>";
		};
		23C2944B266BCDE100C07393 /* LaunchScreen.storyboard */ = {
			isa = PBXVariantGroup;
			children = (
				23C2944C266BCDE100C07393 /* Base */,
			);
			name = LaunchScreen.storyboard;
			sourceTree = "<group>";
		};
/* End PBXVariantGroup section */

/* Begin XCBuildConfiguration section */
		23C2944F266BCDE100C07393 /* Debug */ = {
			isa = XCBuildConfiguration;
			buildSettings = {
				ALWAYS_SEARCH_USER_PATHS = NO;
				CLANG_ANALYZER_NONNULL = YES;
				CLANG_ANALYZER_NUMBER_OBJECT_CONVERSION = YES_AGGRESSIVE;
				CLANG_CXX_LANGUAGE_STANDARD = "gnu++14";
				CLANG_CXX_LIBRARY = "libc++";
				CLANG_ENABLE_MODULES = YES;
				CLANG_ENABLE_OBJC_ARC = YES;
				CLANG_ENABLE_OBJC_WEAK = YES;
				CLANG_WARN_BLOCK_CAPTURE_AUTORELEASING = YES;
				CLANG_WARN_BOOL_CONVERSION = YES;
				CLANG_WARN_COMMA = YES;
				CLANG_WARN_CONSTANT_CONVERSION = YES;
				CLANG_WARN_DEPRECATED_OBJC_IMPLEMENTATIONS = YES;
				CLANG_WARN_DIRECT_OBJC_ISA_USAGE = YES_ERROR;
				CLANG_WARN_DOCUMENTATION_COMMENTS = YES;
				CLANG_WARN_EMPTY_BODY = YES;
				CLANG_WARN_ENUM_CONVERSION = YES;
				CLANG_WARN_INFINITE_RECURSION = YES;
				CLANG_WARN_INT_CONVERSION = YES;
				CLANG_WARN_NON_LITERAL_NULL_CONVERSION = YES;
				CLANG_WARN_OBJC_IMPLICIT_RETAIN_SELF = YES;
				CLANG_WARN_OBJC_LITERAL_CONVERSION = YES;
				CLANG_WARN_OBJC_ROOT_CLASS = YES_ERROR;
				CLANG_WARN_QUOTED_INCLUDE_IN_FRAMEWORK_HEADER = YES;
				CLANG_WARN_RANGE_LOOP_ANALYSIS = YES;
				CLANG_WARN_STRICT_PROTOTYPES = YES;
				CLANG_WARN_SUSPICIOUS_MOVE = YES;
				CLANG_WARN_UNGUARDED_AVAILABILITY = YES_AGGRESSIVE;
				CLANG_WARN_UNREACHABLE_CODE = YES;
				CLANG_WARN__DUPLICATE_METHOD_MATCH = YES;
				COPY_PHASE_STRIP = NO;
				DEBUG_INFORMATION_FORMAT = dwarf;
				ENABLE_STRICT_OBJC_MSGSEND = YES;
				ENABLE_TESTABILITY = YES;
				GCC_C_LANGUAGE_STANDARD = gnu11;
				GCC_DYNAMIC_NO_PIC = NO;
				GCC_NO_COMMON_BLOCKS = YES;
				GCC_OPTIMIZATION_LEVEL = 0;
				GCC_PREPROCESSOR_DEFINITIONS = (
					"DEBUG=1",
					"$(inherited)",
				);
				GCC_WARN_64_TO_32_BIT_CONVERSION = YES;
				GCC_WARN_ABOUT_RETURN_TYPE = YES_ERROR;
				GCC_WARN_UNDECLARED_SELECTOR = YES;
				GCC_WARN_UNINITIALIZED_AUTOS = YES_AGGRESSIVE;
				GCC_WARN_UNUSED_FUNCTION = YES;
				GCC_WARN_UNUSED_VARIABLE = YES;
				IPHONEOS_DEPLOYMENT_TARGET = 14.5;
				MTL_ENABLE_DEBUG_INFO = INCLUDE_SOURCE;
				MTL_FAST_MATH = YES;
				ONLY_ACTIVE_ARCH = YES;
				SDKROOT = iphoneos;
				SWIFT_ACTIVE_COMPILATION_CONDITIONS = DEBUG;
				SWIFT_OPTIMIZATION_LEVEL = "-Onone";
			};
			name = Debug;
		};
		23C29450266BCDE100C07393 /* Release */ = {
			isa = XCBuildConfiguration;
			buildSettings = {
				ALWAYS_SEARCH_USER_PATHS = NO;
				CLANG_ANALYZER_NONNULL = YES;
				CLANG_ANALYZER_NUMBER_OBJECT_CONVERSION = YES_AGGRESSIVE;
				CLANG_CXX_LANGUAGE_STANDARD = "gnu++14";
				CLANG_CXX_LIBRARY = "libc++";
				CLANG_ENABLE_MODULES = YES;
				CLANG_ENABLE_OBJC_ARC = YES;
				CLANG_ENABLE_OBJC_WEAK = YES;
				CLANG_WARN_BLOCK_CAPTURE_AUTORELEASING = YES;
				CLANG_WARN_BOOL_CONVERSION = YES;
				CLANG_WARN_COMMA = YES;
				CLANG_WARN_CONSTANT_CONVERSION = YES;
				CLANG_WARN_DEPRECATED_OBJC_IMPLEMENTATIONS = YES;
				CLANG_WARN_DIRECT_OBJC_ISA_USAGE = YES_ERROR;
				CLANG_WARN_DOCUMENTATION_COMMENTS = YES;
				CLANG_WARN_EMPTY_BODY = YES;
				CLANG_WARN_ENUM_CONVERSION = YES;
				CLANG_WARN_INFINITE_RECURSION = YES;
				CLANG_WARN_INT_CONVERSION = YES;
				CLANG_WARN_NON_LITERAL_NULL_CONVERSION = YES;
				CLANG_WARN_OBJC_IMPLICIT_RETAIN_SELF = YES;
				CLANG_WARN_OBJC_LITERAL_CONVERSION = YES;
				CLANG_WARN_OBJC_ROOT_CLASS = YES_ERROR;
				CLANG_WARN_QUOTED_INCLUDE_IN_FRAMEWORK_HEADER = YES;
				CLANG_WARN_RANGE_LOOP_ANALYSIS = YES;
				CLANG_WARN_STRICT_PROTOTYPES = YES;
				CLANG_WARN_SUSPICIOUS_MOVE = YES;
				CLANG_WARN_UNGUARDED_AVAILABILITY = YES_AGGRESSIVE;
				CLANG_WARN_UNREACHABLE_CODE = YES;
				CLANG_WARN__DUPLICATE_METHOD_MATCH = YES;
				COPY_PHASE_STRIP = NO;
				DEBUG_INFORMATION_FORMAT = "dwarf-with-dsym";
				ENABLE_NS_ASSERTIONS = NO;
				ENABLE_STRICT_OBJC_MSGSEND = YES;
				GCC_C_LANGUAGE_STANDARD = gnu11;
				GCC_NO_COMMON_BLOCKS = YES;
				GCC_WARN_64_TO_32_BIT_CONVERSION = YES;
				GCC_WARN_ABOUT_RETURN_TYPE = YES_ERROR;
				GCC_WARN_UNDECLARED_SELECTOR = YES;
				GCC_WARN_UNINITIALIZED_AUTOS = YES_AGGRESSIVE;
				GCC_WARN_UNUSED_FUNCTION = YES;
				GCC_WARN_UNUSED_VARIABLE = YES;
				IPHONEOS_DEPLOYMENT_TARGET = 14.5;
				MTL_ENABLE_DEBUG_INFO = NO;
				MTL_FAST_MATH = YES;
				SDKROOT = iphoneos;
				SWIFT_COMPILATION_MODE = wholemodule;
				SWIFT_OPTIMIZATION_LEVEL = "-O";
				VALIDATE_PRODUCT = YES;
			};
			name = Release;
		};
		23C29452266BCDE100C07393 /* Debug */ = {
			isa = XCBuildConfiguration;
			baseConfigurationReference = 0747FEB6841D94A1228B22DB /* Pods-RSS Feed.debug.xcconfig */;
			buildSettings = {
				ASSETCATALOG_COMPILER_APPICON_NAME = AppIcon;
				ASSETCATALOG_COMPILER_GLOBAL_ACCENT_COLOR_NAME = AccentColor;
				CODE_SIGN_STYLE = Automatic;
				DEVELOPMENT_TEAM = 392NZUSY8M;
				INFOPLIST_FILE = "RSS Feed/Info.plist";
				LD_RUNPATH_SEARCH_PATHS = (
					"$(inherited)",
					"@executable_path/Frameworks",
				);
				PRODUCT_BUNDLE_IDENTIFIER = "EminEmini.RSS-Feed";
				PRODUCT_NAME = "$(TARGET_NAME)";
				SWIFT_VERSION = 5.0;
				TARGETED_DEVICE_FAMILY = "1,2";
			};
			name = Debug;
		};
		23C29453266BCDE100C07393 /* Release */ = {
			isa = XCBuildConfiguration;
			baseConfigurationReference = 008A4D1153D162671AAAB589 /* Pods-RSS Feed.release.xcconfig */;
			buildSettings = {
				ASSETCATALOG_COMPILER_APPICON_NAME = AppIcon;
				ASSETCATALOG_COMPILER_GLOBAL_ACCENT_COLOR_NAME = AccentColor;
				CODE_SIGN_STYLE = Automatic;
				DEVELOPMENT_TEAM = 392NZUSY8M;
				INFOPLIST_FILE = "RSS Feed/Info.plist";
				LD_RUNPATH_SEARCH_PATHS = (
					"$(inherited)",
					"@executable_path/Frameworks",
				);
				PRODUCT_BUNDLE_IDENTIFIER = "EminEmini.RSS-Feed";
				PRODUCT_NAME = "$(TARGET_NAME)";
				SWIFT_VERSION = 5.0;
				TARGETED_DEVICE_FAMILY = "1,2";
			};
			name = Release;
		};
/* End XCBuildConfiguration section */

/* Begin XCConfigurationList section */
		23C29438266BCDDD00C07393 /* Build configuration list for PBXProject "RSS Feed" */ = {
			isa = XCConfigurationList;
			buildConfigurations = (
				23C2944F266BCDE100C07393 /* Debug */,
				23C29450266BCDE100C07393 /* Release */,
			);
			defaultConfigurationIsVisible = 0;
			defaultConfigurationName = Release;
		};
		23C29451266BCDE100C07393 /* Build configuration list for PBXNativeTarget "RSS Feed" */ = {
			isa = XCConfigurationList;
			buildConfigurations = (
				23C29452266BCDE100C07393 /* Debug */,
				23C29453266BCDE100C07393 /* Release */,
			);
			defaultConfigurationIsVisible = 0;
			defaultConfigurationName = Release;
		};
/* End XCConfigurationList section */

/* Begin XCVersionGroup section */
		23A64876266E2FF400DAA014 /* FeedList.xcdatamodeld */ = {
			isa = XCVersionGroup;
			children = (
				23A64877266E2FF400DAA014 /* FeedList.xcdatamodel */,
			);
			currentVersion = 23A64877266E2FF400DAA014 /* FeedList.xcdatamodel */;
			path = FeedList.xcdatamodeld;
			sourceTree = "<group>";
			versionGroupType = wrapper.xcdatamodel;
		};
/* End XCVersionGroup section */
	};
	rootObject = 23C29435266BCDDD00C07393 /* Project object */;
}
